
Microsoft Visual Studio Solution File, Format Version 12.00
# Visual Studio Version 16
VisualStudioVersion = 16.0.31507.150
MinimumVisualStudioVersion = 10.0.40219.1
Project("{9A19103F-16F7-4668-BE54-9A1E7A4F7556}") = "GrapgQlApp", "GrapgQlApp.csproj", "{1C671943-1DA3-43AC-8F11-C28B7E53EAAD}"
EndProject
Global
	GlobalSection(SolutionConfigurationPlatforms) = preSolution
		Debug|Any CPU = Debug|Any CPU
		Release|Any CPU = Release|Any CPU
	EndGlobalSection
	GlobalSection(ProjectConfigurationPlatforms) = postSolution
		{1C671943-1DA3-43AC-8F11-C28B7E53EAAD}.Debug|Any CPU.ActiveCfg = Debug|Any CPU
		{1C671943-1DA3-43AC-8F11-C28B7E53EAAD}.Debug|Any CPU.Build.0 = Debug|Any CPU
		{1C671943-1DA3-43AC-8F11-C28B7E53EAAD}.Release|Any CPU.ActiveCfg = Release|Any CPU
		{1C671943-1DA3-43AC-8F11-C28B7E53EAAD}.Release|Any CPU.Build.0 = Release|Any CPU
	EndGlobalSection
	GlobalSection(SolutionProperties) = preSolution
		HideSolutionNode = FALSE
	EndGlobalSection
	GlobalSection(ExtensibilityGlobals) = postSolution
		SolutionGuid = {60FF0A93-5DBC-4713-9BEE-F9BFC5CA4F70}
	EndGlobalSection
EndGlobal
